
Microsoft Visual Studio Solution File, Format Version 12.00
# Visual Studio Version 17
VisualStudioVersion = 17.10.35122.118
MinimumVisualStudioVersion = 10.0.40219.1
Project("{FAE04EC0-301F-11D3-BF4B-00C04F79EFBC}") = "PrintNumbers", "PrintNumbers\PrintNumbers.csproj", "{3AFC42B8-E036-4EF4-B5BC-21AE64B82191}"
EndProject
Project("{FAE04EC0-301F-11D3-BF4B-00C04F79EFBC}") = "PrintNumbersTests", "PrintNumbersTests\PrintNumbersTests.csproj", "{19AA4449-F515-4ADD-92D1-A2DDC3B5A93A}"
EndProject
Global
	GlobalSection(SolutionConfigurationPlatforms) = preSolution
		Debug|Any CPU = Debug|Any CPU
		Release|Any CPU = Release|Any CPU
	EndGlobalSection
	GlobalSection(ProjectConfigurationPlatforms) = postSolution
		{3AFC42B8-E036-4EF4-B5BC-21AE64B82191}.Debug|Any CPU.ActiveCfg = Debug|Any CPU
		{3AFC42B8-E036-4EF4-B5BC-21AE64B82191}.Debug|Any CPU.Build.0 = Debug|Any CPU
		{3AFC42B8-E036-4EF4-B5BC-21AE64B82191}.Release|Any CPU.ActiveCfg = Release|Any CPU
		{3AFC42B8-E036-4EF4-B5BC-21AE64B82191}.Release|Any CPU.Build.0 = Release|Any CPU
		{19AA4449-F515-4ADD-92D1-A2DDC3B5A93A}.Debug|Any CPU.ActiveCfg = Debug|Any CPU
		{19AA4449-F515-4ADD-92D1-A2DDC3B5A93A}.Debug|Any CPU.Build.0 = Debug|Any CPU
		{19AA4449-F515-4ADD-92D1-A2DDC3B5A93A}.Release|Any CPU.ActiveCfg = Release|Any CPU
		{19AA4449-F515-4ADD-92D1-A2DDC3B5A93A}.Release|Any CPU.Build.0 = Release|Any CPU
	EndGlobalSection
	GlobalSection(SolutionProperties) = preSolution
		HideSolutionNode = FALSE
	EndGlobalSection
	GlobalSection(ExtensibilityGlobals) = postSolution
		SolutionGuid = {A7DC74C3-F13C-4FEB-AC7C-18706D746AA5}
	EndGlobalSection
EndGlobal
